{
  "name": "Weather-App",
  "lockfileVersion": 3,
  "requires": true,
  "packages": {
    "": {
      "dependencies": {
        "dotenv": "^16.3.1"
      }
    },
    "../Public Libraries/Weather API javascript Library": {
      "name": "weather_api",
      "version": "1.0.0",
      "extraneous": true,
      "license": "Unlicense",
      "dependencies": {
        "querystring": "0.2.0",
        "superagent": "3.7.0"
      },
      "devDependencies": {
        "expect.js": "~0.3.1",
        "mocha": "~2.3.4",
        "sinon": "1.17.3"
      }
    },
    "node_modules/dotenv": {
      "version": "16.3.1",
      "resolved": "https://registry.npmjs.org/dotenv/-/dotenv-16.3.1.tgz",
      "integrity": "sha512-IPzF4w4/Rd94bA9imS68tZBaYyBWSCE47V1RGuMrB94iyTOIEwRmVL2x/4An+6mETpLrKJ5hQkB8W4kFAadeIQ==",
      "engines": {
        "node": ">=12"
      },
      "funding": {
        "url": "https://github.com/motdotla/dotenv?sponsor=1"
      }
    }
  }
}
